{
  "name": "avoid-ai-writing-detector",
  "version": "3.36.0",
  "lockfileVersion": 3,
  "requires": true,
  "packages": {
    "": {
      "name": "avoid-ai-writing-detector",
      "version": "3.36.0",
      "license": "MIT",
      "bin": {
        "avoid-ai-writing": "bin/avoid-ai-writing.js",
        "avoid-ai-writing-gate": "bin/avoid-ai-writing-gate.js"
      },
      "engines": {
        "node": ">=18"
      }
    }
  }
}
